
Microsoft Visual Studio Solution File, Format Version 12.00
# Visual Studio Version 17
VisualStudioVersion = 17.4.33213.308
MinimumVisualStudioVersion = 10.0.40219.1
Project("{FAE04EC0-301F-11D3-BF4B-00C04F79EFBC}") = "IconBetAuth.Domain", "IconBetAuth.Domain\IconBetAuth.Domain.csproj", "{F19391E9-4B01-4A70-88FE-ED9DBD765650}"
EndProject
Project("{FAE04EC0-301F-11D3-BF4B-00C04F79EFBC}") = "IconBetAuth.Data", "IconBetAuth.Data\IconBetAuth.Data.csproj", "{6EB1BD7F-0B6E-497E-BFC5-2F32F28FCC22}"
EndProject
Project("{FAE04EC0-301F-11D3-BF4B-00C04F79EFBC}") = "IconBetAuth.API", "IconBetAuth.API\IconBetAuth.API.csproj", "{9C0734BE-A349-4529-8E33-605CCC49EA8B}"
EndProject
Project("{FAE04EC0-301F-11D3-BF4B-00C04F79EFBC}") = "IconBetAuth.Services", "IconBetAuth.Services\IconBetAuth.Services.csproj", "{7F60383C-9CDA-444A-8149-1FA2264D7DC6}"
EndProject
Global
	GlobalSection(SolutionConfigurationPlatforms) = preSolution
		Debug|Any CPU = Debug|Any CPU
		Release|Any CPU = Release|Any CPU
	EndGlobalSection
	GlobalSection(ProjectConfigurationPlatforms) = postSolution
		{F19391E9-4B01-4A70-88FE-ED9DBD765650}.Debug|Any CPU.ActiveCfg = Debug|Any CPU
		{F19391E9-4B01-4A70-88FE-ED9DBD765650}.Debug|Any CPU.Build.0 = Debug|Any CPU
		{F19391E9-4B01-4A70-88FE-ED9DBD765650}.Release|Any CPU.ActiveCfg = Release|Any CPU
		{F19391E9-4B01-4A70-88FE-ED9DBD765650}.Release|Any CPU.Build.0 = Release|Any CPU
		{6EB1BD7F-0B6E-497E-BFC5-2F32F28FCC22}.Debug|Any CPU.ActiveCfg = Debug|Any CPU
		{6EB1BD7F-0B6E-497E-BFC5-2F32F28FCC22}.Debug|Any CPU.Build.0 = Debug|Any CPU
		{6EB1BD7F-0B6E-497E-BFC5-2F32F28FCC22}.Release|Any CPU.ActiveCfg = Release|Any CPU
		{6EB1BD7F-0B6E-497E-BFC5-2F32F28FCC22}.Release|Any CPU.Build.0 = Release|Any CPU
		{9C0734BE-A349-4529-8E33-605CCC49EA8B}.Debug|Any CPU.ActiveCfg = Debug|Any CPU
		{9C0734BE-A349-4529-8E33-605CCC49EA8B}.Debug|Any CPU.Build.0 = Debug|Any CPU
		{9C0734BE-A349-4529-8E33-605CCC49EA8B}.Release|Any CPU.ActiveCfg = Release|Any CPU
		{9C0734BE-A349-4529-8E33-605CCC49EA8B}.Release|Any CPU.Build.0 = Release|Any CPU
		{7F60383C-9CDA-444A-8149-1FA2264D7DC6}.Debug|Any CPU.ActiveCfg = Debug|Any CPU
		{7F60383C-9CDA-444A-8149-1FA2264D7DC6}.Debug|Any CPU.Build.0 = Debug|Any CPU
		{7F60383C-9CDA-444A-8149-1FA2264D7DC6}.Release|Any CPU.ActiveCfg = Release|Any CPU
		{7F60383C-9CDA-444A-8149-1FA2264D7DC6}.Release|Any CPU.Build.0 = Release|Any CPU
	EndGlobalSection
	GlobalSection(SolutionProperties) = preSolution
		HideSolutionNode = FALSE
	EndGlobalSection
	GlobalSection(ExtensibilityGlobals) = postSolution
		SolutionGuid = {7679CB1F-EE5E-4AD5-8C93-B7967C60A71D}
	EndGlobalSection
EndGlobal
